
Microsoft Visual Studio Solution File, Format Version 12.00
# Visual Studio Version 16
VisualStudioVersion = 16.0.30406.217
MinimumVisualStudioVersion = 10.0.40219.1
Project("{FAE04EC0-301F-11D3-BF4B-00C04F79EFBC}") = "And.Eticaret.UI.WEB", "And.Eticaret.UI.WEB\And.Eticaret.UI.WEB.csproj", "{48EE6D7B-72F1-461A-A915-C2CB7C95ABBA}"
EndProject
Project("{FAE04EC0-301F-11D3-BF4B-00C04F79EFBC}") = "And.Eticaret.Core.Model1", "And.Eticaret.Core.Model1\And.Eticaret.Core.Model1.csproj", "{53B9E6CB-3A93-4F4A-9C14-5193CB401C6A}"
EndProject
Global
	GlobalSection(SolutionConfigurationPlatforms) = preSolution
		Debug|Any CPU = Debug|Any CPU
		Release|Any CPU = Release|Any CPU
	EndGlobalSection
	GlobalSection(ProjectConfigurationPlatforms) = postSolution
		{48EE6D7B-72F1-461A-A915-C2CB7C95ABBA}.Debug|Any CPU.ActiveCfg = Debug|Any CPU
		{48EE6D7B-72F1-461A-A915-C2CB7C95ABBA}.Debug|Any CPU.Build.0 = Debug|Any CPU
		{48EE6D7B-72F1-461A-A915-C2CB7C95ABBA}.Release|Any CPU.ActiveCfg = Release|Any CPU
		{48EE6D7B-72F1-461A-A915-C2CB7C95ABBA}.Release|Any CPU.Build.0 = Release|Any CPU
		{53B9E6CB-3A93-4F4A-9C14-5193CB401C6A}.Debug|Any CPU.ActiveCfg = Debug|Any CPU
		{53B9E6CB-3A93-4F4A-9C14-5193CB401C6A}.Debug|Any CPU.Build.0 = Debug|Any CPU
		{53B9E6CB-3A93-4F4A-9C14-5193CB401C6A}.Release|Any CPU.ActiveCfg = Release|Any CPU
		{53B9E6CB-3A93-4F4A-9C14-5193CB401C6A}.Release|Any CPU.Build.0 = Release|Any CPU
	EndGlobalSection
	GlobalSection(SolutionProperties) = preSolution
		HideSolutionNode = FALSE
	EndGlobalSection
	GlobalSection(ExtensibilityGlobals) = postSolution
		SolutionGuid = {4A4ED2E5-FF87-4CFD-ADAE-68A5EFADF295}
	EndGlobalSection
EndGlobal
